
Microsoft Visual Studio Solution File, Format Version 12.00
# Visual Studio Version 17
VisualStudioVersion = 17.11.35327.3
MinimumVisualStudioVersion = 10.0.40219.1
Project("{FAE04EC0-301F-11D3-BF4B-00C04F79EFBC}") = "logica02", "logica02.csproj", "{8DD14C58-0616-4FF5-AA3D-D14DFC74498D}"
EndProject
Global
	GlobalSection(SolutionConfigurationPlatforms) = preSolution
		Debug|Any CPU = Debug|Any CPU
		Release|Any CPU = Release|Any CPU
	EndGlobalSection
	GlobalSection(ProjectConfigurationPlatforms) = postSolution
		{8DD14C58-0616-4FF5-AA3D-D14DFC74498D}.Debug|Any CPU.ActiveCfg = Debug|Any CPU
		{8DD14C58-0616-4FF5-AA3D-D14DFC74498D}.Debug|Any CPU.Build.0 = Debug|Any CPU
		{8DD14C58-0616-4FF5-AA3D-D14DFC74498D}.Release|Any CPU.ActiveCfg = Release|Any CPU
		{8DD14C58-0616-4FF5-AA3D-D14DFC74498D}.Release|Any CPU.Build.0 = Release|Any CPU
	EndGlobalSection
	GlobalSection(SolutionProperties) = preSolution
		HideSolutionNode = FALSE
	EndGlobalSection
	GlobalSection(ExtensibilityGlobals) = postSolution
		SolutionGuid = {97C13EA6-C3EC-47C8-BB88-A062316CC4AE}
	EndGlobalSection
EndGlobal
