
Microsoft Visual Studio Solution File, Format Version 12.00
# Visual Studio Version 17
VisualStudioVersion = 17.11.35327.3
MinimumVisualStudioVersion = 10.0.40219.1
Project("{FAE04EC0-301F-11D3-BF4B-00C04F79EFBC}") = "logica04", "logica04.csproj", "{9E411623-CAAB-47E8-A69C-A8A48096905F}"
EndProject
Global
	GlobalSection(SolutionConfigurationPlatforms) = preSolution
		Debug|Any CPU = Debug|Any CPU
		Release|Any CPU = Release|Any CPU
	EndGlobalSection
	GlobalSection(ProjectConfigurationPlatforms) = postSolution
		{9E411623-CAAB-47E8-A69C-A8A48096905F}.Debug|Any CPU.ActiveCfg = Debug|Any CPU
		{9E411623-CAAB-47E8-A69C-A8A48096905F}.Debug|Any CPU.Build.0 = Debug|Any CPU
		{9E411623-CAAB-47E8-A69C-A8A48096905F}.Release|Any CPU.ActiveCfg = Release|Any CPU
		{9E411623-CAAB-47E8-A69C-A8A48096905F}.Release|Any CPU.Build.0 = Release|Any CPU
	EndGlobalSection
	GlobalSection(SolutionProperties) = preSolution
		HideSolutionNode = FALSE
	EndGlobalSection
	GlobalSection(ExtensibilityGlobals) = postSolution
		SolutionGuid = {72C975C5-2CF8-44B0-8F19-2D5249D085EB}
	EndGlobalSection
EndGlobal
